{
  "lockfile_version": "1",
  "packages": {
    "erlang@latest": {
      "last_modified": "2024-12-26T01:25:00Z",
      "resolved": "github:NixOS/nixpkgs/16e046229f3b4f53257973a5532bcbb72457d2f2#erlang",
      "source": "devbox-search",
      "version": "27.2",
      "systems": {
        "aarch64-darwin": {
          "outputs": [
            {
              "name": "out",
              "path": "/nix/store/6lg2nrxxd79s2k1ij4hsvfgiwhbisy5v-erlang-27.2",
              "default": true
            }
          ],
          "store_path": "/nix/store/6lg2nrxxd79s2k1ij4hsvfgiwhbisy5v-erlang-27.2"
        },
        "aarch64-linux": {
          "outputs": [
            {
              "name": "out",
              "path": "/nix/store/swym0vp55ayg9yv2zp18dzybq66y267l-erlang-27.2",
              "default": true
            }
          ],
          "store_path": "/nix/store/swym0vp55ayg9yv2zp18dzybq66y267l-erlang-27.2"
        },
        "x86_64-darwin": {
          "outputs": [
            {
              "name": "out",
              "path": "/nix/store/rlmwsbfv7pbxps28ap0hryf8yk3swiw4-erlang-27.2",
              "default": true
            }
          ],
          "store_path": "/nix/store/rlmwsbfv7pbxps28ap0hryf8yk3swiw4-erlang-27.2"
        },
        "x86_64-linux": {
          "outputs": [
            {
              "name": "out",
              "path": "/nix/store/186j3w6wqlqqc8c2sljxhw72ffvc5h0p-erlang-27.2",
              "default": true
            }
          ],
          "store_path": "/nix/store/186j3w6wqlqqc8c2sljxhw72ffvc5h0p-erlang-27.2"
        }
      }
    },
    "github:NixOS/nixpkgs/nixpkgs-unstable": {
      "last_modified": "2025-11-05T16:44:39Z",
      "resolved": "github:NixOS/nixpkgs/ffcdcf99d65c61956d882df249a9be53e5902ea5?lastModified=1762361079&narHash=sha256-lz718rr1BDpZBYk7%2BG8cE6wee3PiBUpn8aomG%2FvLLiY%3D"
    },
    "gleam@latest": {
      "last_modified": "2025-11-23T21:50:36Z",
      "resolved": "github:NixOS/nixpkgs/ee09932cedcef15aaf476f9343d1dea2cb77e261#gleam",
      "source": "devbox-search",
      "version": "1.13.0",
      "systems": {
        "aarch64-darwin": {
          "outputs": [
            {
              "name": "out",
              "path": "/nix/store/xslxz5pp5qn2fx4phbvjyflwdcqasddr-gleam-1.13.0",
              "default": true
            }
          ],
          "store_path": "/nix/store/xslxz5pp5qn2fx4phbvjyflwdcqasddr-gleam-1.13.0"
        },
        "aarch64-linux": {
          "outputs": [
            {
              "name": "out",
              "path": "/nix/store/inzxz1gka9d68v1y9wxxv06md3qafnqw-gleam-1.13.0",
              "default": true
            }
          ],
          "store_path": "/nix/store/inzxz1gka9d68v1y9wxxv06md3qafnqw-gleam-1.13.0"
        },
        "x86_64-darwin": {
          "outputs": [
            {
              "name": "out",
              "path": "/nix/store/fx9yjh6dyrykbd6ksf1c5dr1sg5wz3xk-gleam-1.13.0",
              "default": true
            }
          ],
          "store_path": "/nix/store/fx9yjh6dyrykbd6ksf1c5dr1sg5wz3xk-gleam-1.13.0"
        },
        "x86_64-linux": {
          "outputs": [
            {
              "name": "out",
              "path": "/nix/store/wp6fgsrp70ff481mfx6fdwgyl9893dlm-gleam-1.13.0",
              "default": true
            }
          ],
          "store_path": "/nix/store/wp6fgsrp70ff481mfx6fdwgyl9893dlm-gleam-1.13.0"
        }
      }
    }
  }
}
